{
  "name": "superclass",
  "version": "1.0.0",
  "lockfileVersion": 1,
  "requires": true,
  "dependencies": {
    "vant-weapp": {
      "version": "0.5.9",
      "resolved": "http://registry.npm.taobao.org/vant-weapp/download/vant-weapp-0.5.9.tgz",
      "integrity": "sha1-Vqiu5fFiG6LaXmeTsj4XJ0FmEWY="
    }
  }
}
